<?xml version="1.0" encoding="utf-8"?>
<Project ToolsVersion="4.0" xmlns="http://schemas.microsoft.com/developer/msbuild/2003">
  <ItemGroup>
    <ClCompile Include="Matrix.cpp">
      <Filter>Source Files</Filter>
    </ClCompile>
    <ClCompile Include="Util.cpp">
      <Filter>Source Files</Filter>
    </ClCompile>
    <ClCompile Include="Vect.cpp">
      <Filter>Source Files</Filter>
    </ClCompile>
    <ClCompile Include="VectApp.cpp">
      <Filter>Source Files</Filter>
    </ClCompile>
    <ClCompile Include="QuatApp.cpp">
      <Filter>Source Files</Filter>
    </ClCompile>
    <ClCompile Include="Quat.cpp">
      <Filter>Source Files</Filter>
    </ClCompile>
  </ItemGroup>
  <ItemGroup>
    <ClInclude Include="Vect.h">
      <Filter>Header Files</Filter>
    </ClInclude>
    <ClInclude Include="Matrix.h">
      <Filter>Header Files</Filter>
    </ClInclude>
    <ClInclude Include="Enum.h">
      <Filter>Header Files</Filter>
    </ClInclude>
    <ClInclude Include="MathEngine.h">
      <Filter>Header Files</Filter>
    </ClInclude>
    <ClInclude Include="Align16.h">
      <Filter>Header Files</Filter>
    </ClInclude>
    <ClInclude Include="Constants.h">
      <Filter>Header Files</Filter>
    </ClInclude>
    <ClInclude Include="Util.h">
      <Filter>Header Files</Filter>
    </ClInclude>
    <ClInclude Include="MathApp.h">
      <Filter>Header Files</Filter>
    </ClInclude>
    <ClInclude Include="Quat.h">
      <Filter>Header Files</Filter>
    </ClInclude>
    <ClInclude Include="QuatApp.h">
      <Filter>Header Files</Filter>
    </ClInclude>
    <ClInclude Include="VectApp.h">
      <Filter>Header Files</Filter>
    </ClInclude>
  </ItemGroup>
  <ItemGroup>
    <Filter Include="Header Files">
      <UniqueIdentifier>{c7fca6b4-89cb-4d35-aad1-91806b47fd19}</UniqueIdentifier>
    </Filter>
    <Filter Include="Source Files">
      <UniqueIdentifier>{9e005c5a-8545-4803-9b4a-fbe1f32b8bc5}</UniqueIdentifier>
    </Filter>
  </ItemGroup>
</Project>